{
    "_meta": {
        "hash": {
            "sha256": "4b5e07b8efcdd9b342b522eaf4cc039fa8c299e2baeb0fd2fb3d04defce7c987"
        },
        "pipfile-spec": 6,
        "requires": {
            "python_full_version": "3.12.3",
            "python_version": "3.12"
        },
        "sources": [
            {
                "name": "pypi",
                "url": "https://pypi.org/simple",
                "verify_ssl": true
            }
        ]
    },
    "default": {
        "h5py": {
            "hashes": [
                "sha256:083e0329ae534a264940d6513f47f5ada617da536d8dccbafc3026aefc33c90e",
                "sha256:1625fd24ad6cfc9c1ccd44a66dac2396e7ee74940776792772819fc69f3a3731",
                "sha256:21dbdc5343f53b2e25404673c4f00a3335aef25521bd5fa8c707ec3833934892",
                "sha256:52c416f8eb0daae39dabe71415cb531f95dce2d81e1f61a74537a50c63b28ab3",
                "sha256:55106b04e2c83dfb73dc8732e9abad69d83a436b5b82b773481d95d17b9685e1",
                "sha256:67462d0669f8f5459529de179f7771bd697389fcb3faab54d63bf788599a48ea",
                "sha256:6c4b760082626120031d7902cd983d8c1f424cdba2809f1067511ef283629d4b",
                "sha256:731839240c59ba219d4cb3bc5880d438248533366f102402cfa0621b71796b62",
                "sha256:754c0c2e373d13d6309f408325343b642eb0f40f1a6ad21779cfa9502209e150",
                "sha256:75bd7b3d93fbeee40860fd70cdc88df4464e06b70a5ad9ce1446f5f32eb84007",
                "sha256:77b19a40788e3e362b54af4dcf9e6fde59ca016db2c61360aa30b47c7b7cef00",
                "sha256:7b7e8f78072a2edec87c9836f25f34203fd492a4475709a18b417a33cfb21fa9",
                "sha256:8ec9df3dd2018904c4cc06331951e274f3f3fd091e6d6cc350aaa90fa9b42a76",
                "sha256:a76cae64080210389a571c7d13c94a1a6cf8cb75153044fd1f822a962c97aeab",
                "sha256:aa6ae84a14103e8dc19266ef4c3e5d7c00b68f21d07f2966f0ca7bdb6c2761fb",
                "sha256:bbd732a08187a9e2a6ecf9e8af713f1d68256ee0f7c8b652a32795670fb481ba",
                "sha256:c072655ad1d5fe9ef462445d3e77a8166cbfa5e599045f8aa3c19b75315f10e5",
                "sha256:d9c944d364688f827dc889cf83f1fca311caf4fa50b19f009d1f2b525edd33a3",
                "sha256:ef4e2f338fc763f50a8113890f455e1a70acd42a4d083370ceb80c463d803972",
                "sha256:f3736fe21da2b7d8a13fe8fe415f1272d2a1ccdeff4849c1421d2fb30fd533bc",
                "sha256:f4e025e852754ca833401777c25888acb96889ee2c27e7e629a19aee288833f0"
            ],
            "index": "pypi",
            "markers": "python_version >= '3.8'",
            "version": "==3.11.0"
        },
        "mpi4py": {
            "hashes": [
                "sha256:1de7f6bd22ea6c9b1d6cb42e9d8092217552ffc8267f81df884b61f46aef557c",
                "sha256:242459fcfd18c50b2ad6cd15f433efbaad1f12f4a343bdff5fa1720f4797317d",
                "sha256:33d16f85d827417fd451ae61c304a26f5a1c3e881d9555c58fc8d5c7ac171034",
                "sha256:542fa0b3caa69fbb8f5e8ea60fea3414eef1444d93af28b4ee6486a3f8f27640",
                "sha256:57cb8cc5e4f5730ca2116b4918fddb158bdac3852b57b0fb799278bcd2f9df03",
                "sha256:606264e22c315de6250745fa84267c18a7370a16bd6c51acf226cbb977d0a10b",
                "sha256:6662ffa622ee21041dcfd95bffd4b81906349e22d993239cc0abd17ebca6bed0",
                "sha256:67d28b5e5102a9d44eac6bc2765c2e28966b6b79cd54e0ea432403e054c70946",
                "sha256:757e324084c41f84b257b6d03850e73803bafea1b5e94dd6f9ebb3a149764299",
                "sha256:76ecc87605193ef906597cadef571cabc8731ed1848a8c92320385c10ed41168",
                "sha256:8dfadb2d7b50bda0f5c8538f8b5af5b2f830babc7c43a267102407a29616c38f",
                "sha256:8f9810decd319110b7dcf7a210a76d7db6a39d4c2b33c750ac4dc4638d7ce012",
                "sha256:95f27e00f3951f9c1533cd99ffeae2f384f7ba53cc3870ee06c3c88f9e5bd6c3",
                "sha256:ac671aa8c512fff432e0c1670c94eabd5571f5085c61579fee534b5b9e41bcf4",
                "sha256:c0dfd9dbbcfa2fe61031eaba714f1f814e59439188b0a5ac063b2edc42daa234",
                "sha256:c8fa625e0f92b082ef955bfb52f19fa6691d29273d7d71135d295aa143dee6cb",
                "sha256:e8bd3fd0056580b1aaa4966ab9e54566bf6d6b35ff94c0ee7ceba83d55d039ac",
                "sha256:ea8a65f74707e1be5a0125ae3f4f6c0c475c3d845d623b9f5686a919c1119439",
                "sha256:f9a35e23deadf7de9063523f19863957f379d0f13afc2b9787eafc9d570ab868"
            ],
            "index": "pypi",
            "markers": "python_version >= '2.7' and python_version not in '3.0, 3.1, 3.2, 3.3, 3.4'",
            "version": "==3.1.6"
        },
        "numpy": {
            "hashes": [
                "sha256:08458fbf403bff5e2b45f08eda195d4b0c9b35682311da5a5a0a0925b11b9bd8",
                "sha256:0fbb536eac80e27a2793ffd787895242b7f18ef792563d742c2d673bfcb75134",
                "sha256:12f5d865d60fb9734e60a60f1d5afa6d962d8d4467c120a1c0cda6eb2964437d",
                "sha256:15eb4eca47d36ec3f78cde0a3a2ee24cf05ca7396ef808dda2c0ddad7c2bde67",
                "sha256:173a00b9995f73b79eb0191129f2455f1e34c203f559dd118636858cc452a1bf",
                "sha256:1b902ce0e0a5bb7704556a217c4f63a7974f8f43e090aff03fcf262e0b135e02",
                "sha256:1f682ea61a88479d9498bf2091fdcd722b090724b08b31d63e022adc063bad59",
                "sha256:1f87fec1f9bc1efd23f4227becff04bd0e979e23ca50cc92ec88b38489db3b55",
                "sha256:24a0e1befbfa14615b49ba9659d3d8818a0f4d8a1c5822af8696706fbda7310c",
                "sha256:2c3a346ae20cfd80b6cfd3e60dc179963ef2ea58da5ec074fd3d9e7a1e7ba97f",
                "sha256:36d3a9405fd7c511804dc56fc32974fa5533bdeb3cd1604d6b8ff1d292b819c4",
                "sha256:3fdabe3e2a52bc4eff8dc7a5044342f8bd9f11ef0934fcd3289a788c0eb10018",
                "sha256:4127d4303b9ac9f94ca0441138acead39928938660ca58329fe156f84b9f3015",
                "sha256:4658c398d65d1b25e1760de3157011a80375da861709abd7cef3bad65d6543f9",
                "sha256:485b87235796410c3519a699cfe1faab097e509e90ebb05dcd098db2ae87e7b3",
                "sha256:529af13c5f4b7a932fb0e1911d3a75da204eff023ee5e0e79c1751564221a5c8",
                "sha256:5a3d94942c331dd4e0e1147f7a8699a4aa47dffc11bf8a1523c12af8b2e91bbe",
                "sha256:5daab361be6ddeb299a918a7c0864fa8618af66019138263247af405018b04e1",
                "sha256:61728fba1e464f789b11deb78a57805c70b2ed02343560456190d0501ba37b0f",
                "sha256:6790654cb13eab303d8402354fabd47472b24635700f631f041bd0b65e37298a",
                "sha256:69ff563d43c69b1baba77af455dd0a839df8d25e8590e79c90fcbe1499ebde42",
                "sha256:6bf4e6f4a2a2e26655717a1983ef6324f2664d7011f6ef7482e8c0b3d51e82ac",
                "sha256:6e4eeb6eb2fced786e32e6d8df9e755ce5be920d17f7ce00bc38fcde8ccdbf9e",
                "sha256:72dc22e9ec8f6eaa206deb1b1355eb2e253899d7347f5e2fae5f0af613741d06",
                "sha256:75b4e316c5902d8163ef9d423b1c3f2f6252226d1aa5cd8a0a03a7d01ffc6268",
                "sha256:7b9853803278db3bdcc6cd5beca37815b133e9e77ff3d4733c247414e78eb8d1",
                "sha256:7d6fddc5fe258d3328cd8e3d7d3e02234c5d70e01ebe377a6ab92adb14039cb4",
                "sha256:81b0893a39bc5b865b8bf89e9ad7807e16717f19868e9d234bdaf9b1f1393868",
                "sha256:8efc84f01c1cd7e34b3fb310183e72fcdf55293ee736d679b6d35b35d80bba26",
                "sha256:8fae4ebbf95a179c1156fab0b142b74e4ba4204c87bde8d3d8b6f9c34c5825ef",
                "sha256:99d0d92a5e3613c33a5f01db206a33f8fdf3d71f2912b0de1739894668b7a93b",
                "sha256:9adbd9bb520c866e1bfd7e10e1880a1f7749f1f6e5017686a5fbb9b72cf69f82",
                "sha256:a1e01dcaab205fbece13c1410253a9eea1b1c9b61d237b6fa59bcc46e8e89343",
                "sha256:a8fc2de81ad835d999113ddf87d1ea2b0f4704cbd947c948d2f5513deafe5a7b",
                "sha256:b83e16a5511d1b1f8a88cbabb1a6f6a499f82c062a4251892d9ad5d609863fb7",
                "sha256:bb2124fdc6e62baae159ebcfa368708867eb56806804d005860b6007388df171",
                "sha256:bfc085b28d62ff4009364e7ca34b80a9a080cbd97c2c0630bb5f7f770dae9414",
                "sha256:cbab9fc9c391700e3e1287666dfd82d8666d10e69a6c4a09ab97574c0b7ee0a7",
                "sha256:e5eeca8067ad04bc8a2a8731183d51d7cbaac66d86085d5f4766ee6bf19c7f87",
                "sha256:e9e81fa9017eaa416c056e5d9e71be93d05e2c3c2ab308d23307a8bc4443c368",
                "sha256:ea2326a4dca88e4a274ba3a4405eb6c6467d3ffbd8c7d38632502eaae3820587",
                "sha256:eacf3291e263d5a67d8c1a581a8ebbcfd6447204ef58828caf69a5e3e8c75990",
                "sha256:ec87f5f8aca726117a1c9b7083e7656a9d0d606eec7299cc067bb83d26f16e0c",
                "sha256:f1659887361a7151f89e79b276ed8dff3d75877df906328f14d8bb40bb4f5101",
                "sha256:f9cf5ea551aec449206954b075db819f52adc1638d46a6738253a712d553c7b4"
            ],
            "index": "pypi",
            "markers": "python_version >= '3.9'",
            "version": "==2.0.1"
        },
        "pipfile": {
            "hashes": [
                "sha256:f7d9f15de8b660986557eb3cc5391aa1a16207ac41bc378d03f414762d36c984"
            ],
            "index": "pypi",
            "version": "==0.0.2"
        },
        "pymatcal": {
            "file": "pymatcal"
        },
        "pyyaml": {
            "hashes": [
                "sha256:04ac92ad1925b2cff1db0cfebffb6ffc43457495c9b3c39d3fcae417d7125dc5",
                "sha256:062582fca9fabdd2c8b54a3ef1c978d786e0f6b3a1510e0ac93ef59e0ddae2bc",
                "sha256:0d3304d8c0adc42be59c5f8a4d9e3d7379e6955ad754aa9d6ab7a398b59dd1df",
                "sha256:1635fd110e8d85d55237ab316b5b011de701ea0f29d07611174a1b42f1444741",
                "sha256:184c5108a2aca3c5b3d3bf9395d50893a7ab82a38004c8f61c258d4428e80206",
                "sha256:18aeb1bf9a78867dc38b259769503436b7c72f7a1f1f4c93ff9a17de54319b27",
                "sha256:1d4c7e777c441b20e32f52bd377e0c409713e8bb1386e1099c2415f26e479595",
                "sha256:1e2722cc9fbb45d9b87631ac70924c11d3a401b2d7f410cc0e3bbf249f2dca62",
                "sha256:1fe35611261b29bd1de0070f0b2f47cb6ff71fa6595c077e42bd0c419fa27b98",
                "sha256:28c119d996beec18c05208a8bd78cbe4007878c6dd15091efb73a30e90539696",
                "sha256:326c013efe8048858a6d312ddd31d56e468118ad4cdeda36c719bf5bb6192290",
                "sha256:40df9b996c2b73138957fe23a16a4f0ba614f4c0efce1e9406a184b6d07fa3a9",
                "sha256:42f8152b8dbc4fe7d96729ec2b99c7097d656dc1213a3229ca5383f973a5ed6d",
                "sha256:49a183be227561de579b4a36efbb21b3eab9651dd81b1858589f796549873dd6",
                "sha256:4fb147e7a67ef577a588a0e2c17b6db51dda102c71de36f8549b6816a96e1867",
                "sha256:50550eb667afee136e9a77d6dc71ae76a44df8b3e51e41b77f6de2932bfe0f47",
                "sha256:510c9deebc5c0225e8c96813043e62b680ba2f9c50a08d3724c7f28a747d1486",
                "sha256:5773183b6446b2c99bb77e77595dd486303b4faab2b086e7b17bc6bef28865f6",
                "sha256:596106435fa6ad000c2991a98fa58eeb8656ef2325d7e158344fb33864ed87e3",
                "sha256:6965a7bc3cf88e5a1c3bd2e0b5c22f8d677dc88a455344035f03399034eb3007",
                "sha256:69b023b2b4daa7548bcfbd4aa3da05b3a74b772db9e23b982788168117739938",
                "sha256:6c22bec3fbe2524cde73d7ada88f6566758a8f7227bfbf93a408a9d86bcc12a0",
                "sha256:704219a11b772aea0d8ecd7058d0082713c3562b4e271b849ad7dc4a5c90c13c",
                "sha256:7e07cbde391ba96ab58e532ff4803f79c4129397514e1413a7dc761ccd755735",
                "sha256:81e0b275a9ecc9c0c0c07b4b90ba548307583c125f54d5b6946cfee6360c733d",
                "sha256:855fb52b0dc35af121542a76b9a84f8d1cd886ea97c84703eaa6d88e37a2ad28",
                "sha256:8d4e9c88387b0f5c7d5f281e55304de64cf7f9c0021a3525bd3b1c542da3b0e4",
                "sha256:9046c58c4395dff28dd494285c82ba00b546adfc7ef001486fbf0324bc174fba",
                "sha256:9eb6caa9a297fc2c2fb8862bc5370d0303ddba53ba97e71f08023b6cd73d16a8",
                "sha256:a08c6f0fe150303c1c6b71ebcd7213c2858041a7e01975da3a99aed1e7a378ef",
                "sha256:a0cd17c15d3bb3fa06978b4e8958dcdc6e0174ccea823003a106c7d4d7899ac5",
                "sha256:afd7e57eddb1a54f0f1a974bc4391af8bcce0b444685d936840f125cf046d5bd",
                "sha256:b1275ad35a5d18c62a7220633c913e1b42d44b46ee12554e5fd39c70a243d6a3",
                "sha256:b786eecbdf8499b9ca1d697215862083bd6d2a99965554781d0d8d1ad31e13a0",
                "sha256:ba336e390cd8e4d1739f42dfe9bb83a3cc2e80f567d8805e11b46f4a943f5515",
                "sha256:baa90d3f661d43131ca170712d903e6295d1f7a0f595074f151c0aed377c9b9c",
                "sha256:bc1bf2925a1ecd43da378f4db9e4f799775d6367bdb94671027b73b393a7c42c",
                "sha256:bd4af7373a854424dabd882decdc5579653d7868b8fb26dc7d0e99f823aa5924",
                "sha256:bf07ee2fef7014951eeb99f56f39c9bb4af143d8aa3c21b1677805985307da34",
                "sha256:bfdf460b1736c775f2ba9f6a92bca30bc2095067b8a9d77876d1fad6cc3b4a43",
                "sha256:c8098ddcc2a85b61647b2590f825f3db38891662cfc2fc776415143f599bb859",
                "sha256:d2b04aac4d386b172d5b9692e2d2da8de7bfb6c387fa4f801fbf6fb2e6ba4673",
                "sha256:d483d2cdf104e7c9fa60c544d92981f12ad66a457afae824d146093b8c294c54",
                "sha256:d858aa552c999bc8a8d57426ed01e40bef403cd8ccdd0fc5f6f04a00414cac2a",
                "sha256:e7d73685e87afe9f3b36c799222440d6cf362062f78be1013661b00c5c6f678b",
                "sha256:f003ed9ad21d6a4713f0a9b5a7a0a79e08dd0f221aff4525a2be4c346ee60aab",
                "sha256:f22ac1c3cac4dbc50079e965eba2c1058622631e526bd9afd45fedd49ba781fa",
                "sha256:faca3bdcf85b2fc05d06ff3fbc1f83e1391b3e724afa3feba7d13eeab355484c",
                "sha256:fca0e3a251908a499833aa292323f32437106001d436eca0e6e7833256674585",
                "sha256:fd1592b3fdf65fff2ad0004b5e363300ef59ced41c2e6b3a99d4089fa8c5435d",
                "sha256:fd66fc5d0da6d9815ba2cebeb4205f95818ff4b79c3ebe268e75d961704af52f"
            ],
            "index": "pypi",
            "markers": "python_version >= '3.6'",
            "version": "==6.0.1"
        },
        "toml": {
            "hashes": [
                "sha256:806143ae5bfb6a3c6e736a764057db0e6a0e05e338b5630894a5f779cabb4f9b",
                "sha256:b3bda1d108d5dd99f4a20d24d9c348e91c4db7ab1b749200bded2f839ccbe68f"
            ],
            "markers": "python_version >= '2.6' and python_version not in '3.0, 3.1, 3.2, 3.3'",
            "version": "==0.10.2"
        }
    },
    "develop": {}
}
